
Microsoft Visual Studio Solution File, Format Version 12.00
# Visual Studio Version 17
VisualStudioVersion = 17.3.32922.545
MinimumVisualStudioVersion = 10.0.40219.1
Project("{FAE04EC0-301F-11D3-BF4B-00C04F79EFBC}") = "WcfService", "WcfService.csproj", "{35449E61-3D16-4E6F-B53B-8901D4536770}"
EndProject
Project("{FAE04EC0-301F-11D3-BF4B-00C04F79EFBC}") = "WcfServiceHost", "..\WcfServiceHost\WcfServiceHost.csproj", "{345B4D1E-FBD5-4294-8C68-3649200E95A1}"
EndProject
Project("{FAE04EC0-301F-11D3-BF4B-00C04F79EFBC}") = "WcfClient", "..\WcfClient\WcfClient.csproj", "{A210175C-535D-4BEC-8202-9DE02C9669B0}"
EndProject
Project("{FAE04EC0-301F-11D3-BF4B-00C04F79EFBC}") = "CallbackService", "..\CallbackService\CallbackService.csproj", "{C2200E0B-5C63-4001-91EA-4B079A066A1C}"
EndProject
Project("{FAE04EC0-301F-11D3-BF4B-00C04F79EFBC}") = "Modification", "..\Modification\Modification.csproj", "{2960CAE5-1BCB-4345-ABCF-CFA9CD059C58}"
EndProject
Global
	GlobalSection(SolutionConfigurationPlatforms) = preSolution
		Debug|Any CPU = Debug|Any CPU
		Release|Any CPU = Release|Any CPU
	EndGlobalSection
	GlobalSection(ProjectConfigurationPlatforms) = postSolution
		{35449E61-3D16-4E6F-B53B-8901D4536770}.Debug|Any CPU.ActiveCfg = Debug|Any CPU
		{35449E61-3D16-4E6F-B53B-8901D4536770}.Debug|Any CPU.Build.0 = Debug|Any CPU
		{35449E61-3D16-4E6F-B53B-8901D4536770}.Release|Any CPU.ActiveCfg = Release|Any CPU
		{35449E61-3D16-4E6F-B53B-8901D4536770}.Release|Any CPU.Build.0 = Release|Any CPU
		{345B4D1E-FBD5-4294-8C68-3649200E95A1}.Debug|Any CPU.ActiveCfg = Debug|Any CPU
		{345B4D1E-FBD5-4294-8C68-3649200E95A1}.Debug|Any CPU.Build.0 = Debug|Any CPU
		{345B4D1E-FBD5-4294-8C68-3649200E95A1}.Release|Any CPU.ActiveCfg = Release|Any CPU
		{345B4D1E-FBD5-4294-8C68-3649200E95A1}.Release|Any CPU.Build.0 = Release|Any CPU
		{A210175C-535D-4BEC-8202-9DE02C9669B0}.Debug|Any CPU.ActiveCfg = Debug|Any CPU
		{A210175C-535D-4BEC-8202-9DE02C9669B0}.Debug|Any CPU.Build.0 = Debug|Any CPU
		{A210175C-535D-4BEC-8202-9DE02C9669B0}.Release|Any CPU.ActiveCfg = Release|Any CPU
		{A210175C-535D-4BEC-8202-9DE02C9669B0}.Release|Any CPU.Build.0 = Release|Any CPU
		{C2200E0B-5C63-4001-91EA-4B079A066A1C}.Debug|Any CPU.ActiveCfg = Debug|Any CPU
		{C2200E0B-5C63-4001-91EA-4B079A066A1C}.Debug|Any CPU.Build.0 = Debug|Any CPU
		{C2200E0B-5C63-4001-91EA-4B079A066A1C}.Release|Any CPU.ActiveCfg = Release|Any CPU
		{C2200E0B-5C63-4001-91EA-4B079A066A1C}.Release|Any CPU.Build.0 = Release|Any CPU
		{2960CAE5-1BCB-4345-ABCF-CFA9CD059C58}.Debug|Any CPU.ActiveCfg = Debug|Any CPU
		{2960CAE5-1BCB-4345-ABCF-CFA9CD059C58}.Debug|Any CPU.Build.0 = Debug|Any CPU
		{2960CAE5-1BCB-4345-ABCF-CFA9CD059C58}.Release|Any CPU.ActiveCfg = Release|Any CPU
		{2960CAE5-1BCB-4345-ABCF-CFA9CD059C58}.Release|Any CPU.Build.0 = Release|Any CPU
	EndGlobalSection
	GlobalSection(SolutionProperties) = preSolution
		HideSolutionNode = FALSE
	EndGlobalSection
	GlobalSection(ExtensibilityGlobals) = postSolution
		SolutionGuid = {F6BA5EB4-DDC9-4825-BF83-37006B144A0C}
	EndGlobalSection
EndGlobal
